
Microsoft Visual Studio Solution File, Format Version 12.00
# Visual Studio Version 16
VisualStudioVersion = 16.0.33529.622
MinimumVisualStudioVersion = 10.0.40219.1
Project("{FAE04EC0-301F-11D3-BF4B-00C04F79EFBC}") = "Console6partAssign", "Console6partAssign.csproj", "{71119BFA-59BF-4B97-BC45-C23B219260DA}"
EndProject
Global
	GlobalSection(SolutionConfigurationPlatforms) = preSolution
		Debug|Any CPU = Debug|Any CPU
		Release|Any CPU = Release|Any CPU
	EndGlobalSection
	GlobalSection(ProjectConfigurationPlatforms) = postSolution
		{71119BFA-59BF-4B97-BC45-C23B219260DA}.Debug|Any CPU.ActiveCfg = Debug|Any CPU
		{71119BFA-59BF-4B97-BC45-C23B219260DA}.Debug|Any CPU.Build.0 = Debug|Any CPU
		{71119BFA-59BF-4B97-BC45-C23B219260DA}.Release|Any CPU.ActiveCfg = Release|Any CPU
		{71119BFA-59BF-4B97-BC45-C23B219260DA}.Release|Any CPU.Build.0 = Release|Any CPU
	EndGlobalSection
	GlobalSection(SolutionProperties) = preSolution
		HideSolutionNode = FALSE
	EndGlobalSection
	GlobalSection(ExtensibilityGlobals) = postSolution
		SolutionGuid = {4CA4261F-587C-475E-ADF4-773FA5830EE5}
	EndGlobalSection
EndGlobal
