
Microsoft Visual Studio Solution File, Format Version 12.00
# Visual Studio Version 16
VisualStudioVersion = 16.0.33927.289
MinimumVisualStudioVersion = 10.0.40219.1
Project("{FAE04EC0-301F-11D3-BF4B-00C04F79EFBC}") = "WebApplication2", "WebApplication2.csproj", "{1E86425E-785A-4513-8733-94B1173FDD43}"
EndProject
Global
	GlobalSection(SolutionConfigurationPlatforms) = preSolution
		Debug|Any CPU = Debug|Any CPU
		Release|Any CPU = Release|Any CPU
	EndGlobalSection
	GlobalSection(ProjectConfigurationPlatforms) = postSolution
		{1E86425E-785A-4513-8733-94B1173FDD43}.Debug|Any CPU.ActiveCfg = Debug|Any CPU
		{1E86425E-785A-4513-8733-94B1173FDD43}.Debug|Any CPU.Build.0 = Debug|Any CPU
		{1E86425E-785A-4513-8733-94B1173FDD43}.Release|Any CPU.ActiveCfg = Release|Any CPU
		{1E86425E-785A-4513-8733-94B1173FDD43}.Release|Any CPU.Build.0 = Release|Any CPU
	EndGlobalSection
	GlobalSection(SolutionProperties) = preSolution
		HideSolutionNode = FALSE
	EndGlobalSection
	GlobalSection(ExtensibilityGlobals) = postSolution
		SolutionGuid = {78AAC06F-DBE4-4329-AA0F-467B532E1805}
	EndGlobalSection
EndGlobal
