
Microsoft Visual Studio Solution File, Format Version 12.00
# Visual Studio Version 16
VisualStudioVersion = 16.0.33529.622
MinimumVisualStudioVersion = 10.0.40219.1
Project("{FAE04EC0-301F-11D3-BF4B-00C04F79EFBC}") = "ConsoleApp1", "ConsoleApp1.csproj", "{37F34741-1F6A-4201-9C38-F3E55D048C50}"
EndProject
Global
	GlobalSection(SolutionConfigurationPlatforms) = preSolution
		Debug|Any CPU = Debug|Any CPU
		Release|Any CPU = Release|Any CPU
	EndGlobalSection
	GlobalSection(ProjectConfigurationPlatforms) = postSolution
		{37F34741-1F6A-4201-9C38-F3E55D048C50}.Debug|Any CPU.ActiveCfg = Debug|Any CPU
		{37F34741-1F6A-4201-9C38-F3E55D048C50}.Debug|Any CPU.Build.0 = Debug|Any CPU
		{37F34741-1F6A-4201-9C38-F3E55D048C50}.Release|Any CPU.ActiveCfg = Release|Any CPU
		{37F34741-1F6A-4201-9C38-F3E55D048C50}.Release|Any CPU.Build.0 = Release|Any CPU
	EndGlobalSection
	GlobalSection(SolutionProperties) = preSolution
		HideSolutionNode = FALSE
	EndGlobalSection
	GlobalSection(ExtensibilityGlobals) = postSolution
		SolutionGuid = {743AF6A0-01EE-440E-8AC8-00471DBEBBDC}
	EndGlobalSection
EndGlobal
