
Microsoft Visual Studio Solution File, Format Version 12.00
# Visual Studio Version 16
VisualStudioVersion = 16.0.33801.447
MinimumVisualStudioVersion = 10.0.40219.1
Project("{FAE04EC0-301F-11D3-BF4B-00C04F79EFBC}") = "Constructor Submission", "Constructor Submission.csproj", "{3A2F52B0-D244-49EB-B3D5-C48B2C795CC1}"
EndProject
Global
	GlobalSection(SolutionConfigurationPlatforms) = preSolution
		Debug|Any CPU = Debug|Any CPU
		Release|Any CPU = Release|Any CPU
	EndGlobalSection
	GlobalSection(ProjectConfigurationPlatforms) = postSolution
		{3A2F52B0-D244-49EB-B3D5-C48B2C795CC1}.Debug|Any CPU.ActiveCfg = Debug|Any CPU
		{3A2F52B0-D244-49EB-B3D5-C48B2C795CC1}.Debug|Any CPU.Build.0 = Debug|Any CPU
		{3A2F52B0-D244-49EB-B3D5-C48B2C795CC1}.Release|Any CPU.ActiveCfg = Release|Any CPU
		{3A2F52B0-D244-49EB-B3D5-C48B2C795CC1}.Release|Any CPU.Build.0 = Release|Any CPU
	EndGlobalSection
	GlobalSection(SolutionProperties) = preSolution
		HideSolutionNode = FALSE
	EndGlobalSection
	GlobalSection(ExtensibilityGlobals) = postSolution
		SolutionGuid = {7A308DE0-0FB1-4FA7-874A-2B6E84EBC3CA}
	EndGlobalSection
EndGlobal
