
Microsoft Visual Studio Solution File, Format Version 12.00
# Visual Studio Version 16
VisualStudioVersion = 16.0.33529.622
MinimumVisualStudioVersion = 10.0.40219.1
Project("{FAE04EC0-301F-11D3-BF4B-00C04F79EFBC}") = "Class Submission", "Class Submission.csproj", "{B6EA0DC0-E16D-4EAA-9B04-75A8FFEDEBE0}"
EndProject
Global
	GlobalSection(SolutionConfigurationPlatforms) = preSolution
		Debug|Any CPU = Debug|Any CPU
		Release|Any CPU = Release|Any CPU
	EndGlobalSection
	GlobalSection(ProjectConfigurationPlatforms) = postSolution
		{B6EA0DC0-E16D-4EAA-9B04-75A8FFEDEBE0}.Debug|Any CPU.ActiveCfg = Debug|Any CPU
		{B6EA0DC0-E16D-4EAA-9B04-75A8FFEDEBE0}.Debug|Any CPU.Build.0 = Debug|Any CPU
		{B6EA0DC0-E16D-4EAA-9B04-75A8FFEDEBE0}.Release|Any CPU.ActiveCfg = Release|Any CPU
		{B6EA0DC0-E16D-4EAA-9B04-75A8FFEDEBE0}.Release|Any CPU.Build.0 = Release|Any CPU
	EndGlobalSection
	GlobalSection(SolutionProperties) = preSolution
		HideSolutionNode = FALSE
	EndGlobalSection
	GlobalSection(ExtensibilityGlobals) = postSolution
		SolutionGuid = {52C1340F-CAF7-4A6A-8FD8-B234000CE9B9}
	EndGlobalSection
EndGlobal
