
Microsoft Visual Studio Solution File, Format Version 12.00
# Visual Studio Version 16
VisualStudioVersion = 16.0.33801.447
MinimumVisualStudioVersion = 10.0.40219.1
Project("{FAE04EC0-301F-11D3-BF4B-00C04F79EFBC}") = "Lamda", "Lamda.csproj", "{78FB1B4E-3C52-460C-803D-A13FA2A04B1B}"
EndProject
Global
	GlobalSection(SolutionConfigurationPlatforms) = preSolution
		Debug|Any CPU = Debug|Any CPU
		Release|Any CPU = Release|Any CPU
	EndGlobalSection
	GlobalSection(ProjectConfigurationPlatforms) = postSolution
		{78FB1B4E-3C52-460C-803D-A13FA2A04B1B}.Debug|Any CPU.ActiveCfg = Debug|Any CPU
		{78FB1B4E-3C52-460C-803D-A13FA2A04B1B}.Debug|Any CPU.Build.0 = Debug|Any CPU
		{78FB1B4E-3C52-460C-803D-A13FA2A04B1B}.Release|Any CPU.ActiveCfg = Release|Any CPU
		{78FB1B4E-3C52-460C-803D-A13FA2A04B1B}.Release|Any CPU.Build.0 = Release|Any CPU
	EndGlobalSection
	GlobalSection(SolutionProperties) = preSolution
		HideSolutionNode = FALSE
	EndGlobalSection
	GlobalSection(ExtensibilityGlobals) = postSolution
		SolutionGuid = {63E7D299-2B11-43F3-9DAC-6BE58E2603FD}
	EndGlobalSection
EndGlobal
